
Microsoft Visual Studio Solution File, Format Version 12.00
# Visual Studio Version 16
VisualStudioVersion = 16.0.30907.101
MinimumVisualStudioVersion = 10.0.40219.1
Project("{FAE04EC0-301F-11D3-BF4B-00C04F79EFBC}") = "MyDictionary", "Dictionary\MyDictionary.csproj", "{61B78E69-DF3F-4F33-874A-C65D15CEEF55}"
EndProject
Global
	GlobalSection(SolutionConfigurationPlatforms) = preSolution
		Debug|Any CPU = Debug|Any CPU
		Release|Any CPU = Release|Any CPU
	EndGlobalSection
	GlobalSection(ProjectConfigurationPlatforms) = postSolution
		{61B78E69-DF3F-4F33-874A-C65D15CEEF55}.Debug|Any CPU.ActiveCfg = Debug|Any CPU
		{61B78E69-DF3F-4F33-874A-C65D15CEEF55}.Debug|Any CPU.Build.0 = Debug|Any CPU
		{61B78E69-DF3F-4F33-874A-C65D15CEEF55}.Release|Any CPU.ActiveCfg = Release|Any CPU
		{61B78E69-DF3F-4F33-874A-C65D15CEEF55}.Release|Any CPU.Build.0 = Release|Any CPU
	EndGlobalSection
	GlobalSection(SolutionProperties) = preSolution
		HideSolutionNode = FALSE
	EndGlobalSection
	GlobalSection(ExtensibilityGlobals) = postSolution
		SolutionGuid = {9E510393-37F8-4A8F-B4FC-86822039B473}
	EndGlobalSection
EndGlobal
